# This file is automatically @generated by Cargo.
# It is not intended for manual editing.
version = 4

[[package]]
name = "rem6"
version = "0.1.0"
dependencies = [
 "rem6-boot",
 "rem6-cpu",
 "rem6-dram",
 "rem6-isa-riscv",
 "rem6-kernel",
 "rem6-memory",
 "rem6-stats",
 "rem6-system",
 "rem6-transport",
]

[[package]]
name = "rem6-accelerator"
version = "0.1.0"
dependencies = [
 "rem6-kernel",
 "rem6-memory",
 "rem6-topology",
 "rem6-transport",
]

[[package]]
name = "rem6-amba"
version = "0.1.0"

[[package]]
name = "rem6-boot"
version = "0.1.0"
dependencies = [
 "rem6-memory",
]

[[package]]
name = "rem6-cache"
version = "0.1.0"
dependencies = [
 "rem6-memory",
 "rem6-protocol-chi",
 "rem6-protocol-mesi",
 "rem6-protocol-moesi",
 "rem6-protocol-msi",
 "rem6-transport",
]

[[package]]
name = "rem6-checkpoint"
version = "0.1.0"
dependencies = [
 "rem6-kernel",
]

[[package]]
name = "rem6-coherence"
version = "0.1.0"
dependencies = [
 "rem6-cache",
 "rem6-directory",
 "rem6-dram",
 "rem6-fabric",
 "rem6-kernel",
 "rem6-memory",
 "rem6-protocol-chi",
 "rem6-protocol-mesi",
 "rem6-protocol-moesi",
 "rem6-protocol-msi",
 "rem6-topology",
 "rem6-transport",
]

[[package]]
name = "rem6-cpu"
version = "0.1.0"
dependencies = [
 "rem6-boot",
 "rem6-cache",
 "rem6-fabric",
 "rem6-isa-riscv",
 "rem6-kernel",
 "rem6-memory",
 "rem6-mmio",
 "rem6-topology",
 "rem6-transport",
]

[[package]]
name = "rem6-debug"
version = "0.1.0"

[[package]]
name = "rem6-directory"
version = "0.1.0"
dependencies = [
 "rem6-memory",
 "rem6-protocol-chi",
 "rem6-protocol-mesi",
 "rem6-protocol-moesi",
 "rem6-protocol-msi",
]

[[package]]
name = "rem6-dram"
version = "0.1.0"
dependencies = [
 "rem6-fabric",
 "rem6-kernel",
 "rem6-memory",
]

[[package]]
name = "rem6-fabric"
version = "0.1.0"
dependencies = [
 "rem6-kernel",
]

[[package]]
name = "rem6-gpu"
version = "0.1.0"
dependencies = [
 "rem6-kernel",
 "rem6-memory",
 "rem6-topology",
 "rem6-transport",
]

[[package]]
name = "rem6-interrupt"
version = "0.1.0"
dependencies = [
 "rem6-kernel",
 "rem6-memory",
 "rem6-mmio",
]

[[package]]
name = "rem6-isa-riscv"
version = "0.1.0"

[[package]]
name = "rem6-isa-x86"
version = "0.1.0"

[[package]]
name = "rem6-kernel"
version = "0.1.0"

[[package]]
name = "rem6-memory"
version = "0.1.0"

[[package]]
name = "rem6-mmio"
version = "0.1.0"
dependencies = [
 "rem6-kernel",
 "rem6-memory",
]

[[package]]
name = "rem6-net"
version = "0.1.0"
dependencies = [
 "rem6-interrupt",
 "rem6-kernel",
 "rem6-memory",
 "rem6-mmio",
 "rem6-pci",
]

[[package]]
name = "rem6-pci"
version = "0.1.0"
dependencies = [
 "rem6-interrupt",
 "rem6-kernel",
 "rem6-memory",
 "rem6-mmio",
]

[[package]]
name = "rem6-platform"
version = "0.1.0"
dependencies = [
 "rem6-interrupt",
 "rem6-kernel",
 "rem6-memory",
 "rem6-mmio",
 "rem6-timer",
 "rem6-topology",
 "rem6-uart",
]

[[package]]
name = "rem6-power"
version = "0.1.0"
dependencies = [
 "rem6-kernel",
 "rem6-stats",
]

[[package]]
name = "rem6-proto"
version = "0.1.0"
dependencies = [
 "rem6-kernel",
 "rem6-memory",
]

[[package]]
name = "rem6-protocol-chi"
version = "0.1.0"
dependencies = [
 "rem6-memory",
]

[[package]]
name = "rem6-protocol-mesi"
version = "0.1.0"
dependencies = [
 "rem6-memory",
]

[[package]]
name = "rem6-protocol-moesi"
version = "0.1.0"
dependencies = [
 "rem6-memory",
]

[[package]]
name = "rem6-protocol-msi"
version = "0.1.0"
dependencies = [
 "rem6-memory",
]

[[package]]
name = "rem6-stats"
version = "0.1.0"
dependencies = [
 "rem6-kernel",
]

[[package]]
name = "rem6-storage"
version = "0.1.0"
dependencies = [
 "rem6-checkpoint",
 "rem6-interrupt",
 "rem6-kernel",
 "rem6-memory",
 "rem6-pci",
]

[[package]]
name = "rem6-system"
version = "0.1.0"
dependencies = [
 "rem6-accelerator",
 "rem6-boot",
 "rem6-checkpoint",
 "rem6-coherence",
 "rem6-cpu",
 "rem6-debug",
 "rem6-dram",
 "rem6-fabric",
 "rem6-gpu",
 "rem6-interrupt",
 "rem6-isa-riscv",
 "rem6-kernel",
 "rem6-memory",
 "rem6-mmio",
 "rem6-net",
 "rem6-pci",
 "rem6-platform",
 "rem6-protocol-chi",
 "rem6-protocol-mesi",
 "rem6-protocol-moesi",
 "rem6-protocol-msi",
 "rem6-stats",
 "rem6-storage",
 "rem6-timer",
 "rem6-topology",
 "rem6-transport",
 "rem6-uart",
 "rem6-virtio",
 "rem6-workload",
]

[[package]]
name = "rem6-timer"
version = "0.1.0"
dependencies = [
 "rem6-amba",
 "rem6-interrupt",
 "rem6-kernel",
 "rem6-memory",
 "rem6-mmio",
]

[[package]]
name = "rem6-topology"
version = "0.1.0"
dependencies = [
 "rem6-fabric",
 "rem6-kernel",
]

[[package]]
name = "rem6-traffic"
version = "0.1.0"
dependencies = [
 "rem6-memory",
]

[[package]]
name = "rem6-transport"
version = "0.1.0"
dependencies = [
 "rem6-fabric",
 "rem6-kernel",
 "rem6-memory",
 "rem6-topology",
]

[[package]]
name = "rem6-uart"
version = "0.1.0"
dependencies = [
 "rem6-amba",
 "rem6-interrupt",
 "rem6-kernel",
 "rem6-memory",
 "rem6-mmio",
]

[[package]]
name = "rem6-virtio"
version = "0.1.0"
dependencies = [
 "rem6-interrupt",
 "rem6-kernel",
 "rem6-memory",
 "rem6-mmio",
 "rem6-pci",
 "rem6-storage",
]

[[package]]
name = "rem6-workload"
version = "0.1.0"
dependencies = [
 "rem6-boot",
 "rem6-dram",
 "rem6-fabric",
 "rem6-kernel",
 "rem6-memory",
 "rem6-stats",
]
